
Microsoft Visual Studio Solution File, Format Version 12.00
# Visual Studio Version 17
VisualStudioVersion = 17.14.36414.22 d17.14
MinimumVisualStudioVersion = 10.0.40219.1
Project("{FAE04EC0-301F-11D3-BF4B-00C04F79EFBC}") = "NovelNook", "NovelNook\NovelNook.csproj", "{1C473B13-5CBB-4ADB-9C06-2F0964242206}"
EndProject
Global
	GlobalSection(SolutionConfigurationPlatforms) = preSolution
		Debug|Any CPU = Debug|Any CPU
		Release|Any CPU = Release|Any CPU
	EndGlobalSection
	GlobalSection(ProjectConfigurationPlatforms) = postSolution
		{1C473B13-5CBB-4ADB-9C06-2F0964242206}.Debug|Any CPU.ActiveCfg = Debug|Any CPU
		{1C473B13-5CBB-4ADB-9C06-2F0964242206}.Debug|Any CPU.Build.0 = Debug|Any CPU
		{1C473B13-5CBB-4ADB-9C06-2F0964242206}.Release|Any CPU.ActiveCfg = Release|Any CPU
		{1C473B13-5CBB-4ADB-9C06-2F0964242206}.Release|Any CPU.Build.0 = Release|Any CPU
	EndGlobalSection
	GlobalSection(SolutionProperties) = preSolution
		HideSolutionNode = FALSE
	EndGlobalSection
	GlobalSection(ExtensibilityGlobals) = postSolution
		SolutionGuid = {869A8156-0AC3-4402-A31E-1FFCE83D342B}
	EndGlobalSection
EndGlobal
