
Microsoft Visual Studio Solution File, Format Version 12.00
# Visual Studio Version 17
VisualStudioVersion = 17.14.36414.22 d17.14
MinimumVisualStudioVersion = 10.0.40219.1
Project("{FAE04EC0-301F-11D3-BF4B-00C04F79EFBC}") = "HOT1", "HOT1\HOT1.csproj", "{21FB6EBB-31F2-4B0E-B2D2-C2ADBE21A276}"
EndProject
Global
	GlobalSection(SolutionConfigurationPlatforms) = preSolution
		Debug|Any CPU = Debug|Any CPU
		Release|Any CPU = Release|Any CPU
	EndGlobalSection
	GlobalSection(ProjectConfigurationPlatforms) = postSolution
		{21FB6EBB-31F2-4B0E-B2D2-C2ADBE21A276}.Debug|Any CPU.ActiveCfg = Debug|Any CPU
		{21FB6EBB-31F2-4B0E-B2D2-C2ADBE21A276}.Debug|Any CPU.Build.0 = Debug|Any CPU
		{21FB6EBB-31F2-4B0E-B2D2-C2ADBE21A276}.Release|Any CPU.ActiveCfg = Release|Any CPU
		{21FB6EBB-31F2-4B0E-B2D2-C2ADBE21A276}.Release|Any CPU.Build.0 = Release|Any CPU
	EndGlobalSection
	GlobalSection(SolutionProperties) = preSolution
		HideSolutionNode = FALSE
	EndGlobalSection
	GlobalSection(ExtensibilityGlobals) = postSolution
		SolutionGuid = {97F1FDD1-24CE-4357-BCF2-5FB7E1AF2A85}
	EndGlobalSection
EndGlobal
