
Microsoft Visual Studio Solution File, Format Version 12.00
# Visual Studio Version 17
VisualStudioVersion = 17.14.36518.9 d17.14
MinimumVisualStudioVersion = 10.0.40219.1
Project("{FAE04EC0-301F-11D3-BF4B-00C04F79EFBC}") = "OptimisticConcurrency", "OptimisticConcurrency\OptimisticConcurrency.csproj", "{9DCFA57D-CEB5-41B7-B526-DE9118BB74BA}"
EndProject
Global
	GlobalSection(SolutionConfigurationPlatforms) = preSolution
		Debug|Any CPU = Debug|Any CPU
		Release|Any CPU = Release|Any CPU
	EndGlobalSection
	GlobalSection(ProjectConfigurationPlatforms) = postSolution
		{9DCFA57D-CEB5-41B7-B526-DE9118BB74BA}.Debug|Any CPU.ActiveCfg = Debug|Any CPU
		{9DCFA57D-CEB5-41B7-B526-DE9118BB74BA}.Debug|Any CPU.Build.0 = Debug|Any CPU
		{9DCFA57D-CEB5-41B7-B526-DE9118BB74BA}.Release|Any CPU.ActiveCfg = Release|Any CPU
		{9DCFA57D-CEB5-41B7-B526-DE9118BB74BA}.Release|Any CPU.Build.0 = Release|Any CPU
	EndGlobalSection
	GlobalSection(SolutionProperties) = preSolution
		HideSolutionNode = FALSE
	EndGlobalSection
	GlobalSection(ExtensibilityGlobals) = postSolution
		SolutionGuid = {2D129690-B383-48AA-A325-BB174EC3826B}
	EndGlobalSection
EndGlobal
