
Microsoft Visual Studio Solution File, Format Version 12.00
# Visual Studio Version 17
VisualStudioVersion = 17.14.36518.9 d17.14
MinimumVisualStudioVersion = 10.0.40219.1
Project("{FAE04EC0-301F-11D3-BF4B-00C04F79EFBC}") = "Auctions", "Auctions\Auctions.csproj", "{59903BC8-AC1F-41A2-9D59-25A456C3BFEA}"
EndProject
Global
	GlobalSection(SolutionConfigurationPlatforms) = preSolution
		Debug|Any CPU = Debug|Any CPU
		Release|Any CPU = Release|Any CPU
	EndGlobalSection
	GlobalSection(ProjectConfigurationPlatforms) = postSolution
		{59903BC8-AC1F-41A2-9D59-25A456C3BFEA}.Debug|Any CPU.ActiveCfg = Debug|Any CPU
		{59903BC8-AC1F-41A2-9D59-25A456C3BFEA}.Debug|Any CPU.Build.0 = Debug|Any CPU
		{59903BC8-AC1F-41A2-9D59-25A456C3BFEA}.Release|Any CPU.ActiveCfg = Release|Any CPU
		{59903BC8-AC1F-41A2-9D59-25A456C3BFEA}.Release|Any CPU.Build.0 = Release|Any CPU
	EndGlobalSection
	GlobalSection(SolutionProperties) = preSolution
		HideSolutionNode = FALSE
	EndGlobalSection
	GlobalSection(ExtensibilityGlobals) = postSolution
		SolutionGuid = {BBCF03A2-8C3B-460B-90A5-14504A8D2A99}
	EndGlobalSection
EndGlobal
