
Microsoft Visual Studio Solution File, Format Version 12.00
# Visual Studio Version 17
VisualStudioVersion = 17.14.36518.9 d17.14
MinimumVisualStudioVersion = 10.0.40219.1
Project("{FAE04EC0-301F-11D3-BF4B-00C04F79EFBC}") = "Model-Binding", "Model-Binding\Model-Binding.csproj", "{D57DC375-6ABE-409A-9E33-775214623579}"
EndProject
Global
	GlobalSection(SolutionConfigurationPlatforms) = preSolution
		Debug|Any CPU = Debug|Any CPU
		Release|Any CPU = Release|Any CPU
	EndGlobalSection
	GlobalSection(ProjectConfigurationPlatforms) = postSolution
		{D57DC375-6ABE-409A-9E33-775214623579}.Debug|Any CPU.ActiveCfg = Debug|Any CPU
		{D57DC375-6ABE-409A-9E33-775214623579}.Debug|Any CPU.Build.0 = Debug|Any CPU
		{D57DC375-6ABE-409A-9E33-775214623579}.Release|Any CPU.ActiveCfg = Release|Any CPU
		{D57DC375-6ABE-409A-9E33-775214623579}.Release|Any CPU.Build.0 = Release|Any CPU
	EndGlobalSection
	GlobalSection(SolutionProperties) = preSolution
		HideSolutionNode = FALSE
	EndGlobalSection
	GlobalSection(ExtensibilityGlobals) = postSolution
		SolutionGuid = {59130636-7858-4D2F-B704-4E2B80CDA18D}
	EndGlobalSection
EndGlobal
